// !$*UTF8*$!
{
	archiveVersion = 1;
	classes = {
	};
	objectVersion = 46;
	objects = {

/* Begin PBXBuildFile section */
		A93B19D61CB78A9900E5A177 /* main.m in Sources */ = {isa = PBXBuildFile; fileRef = A93B19D51CB78A9900E5A177 /* main.m */; };
		A93B19D91CB78A9900E5A177 /* AppDelegate.m in Sources */ = {isa = PBXBuildFile; fileRef = A93B19D81CB78A9900E5A177 /* AppDelegate.m */; };
		A93B19DC1CB78A9900E5A177 /* ViewController.m in Sources */ = {isa = PBXBuildFile; fileRef = A93B19DB1CB78A9900E5A177 /* ViewController.m */; };
		A93B19DF1CB78A9900E5A177 /* Main.storyboard in Resources */ = {isa = PBXBuildFile; fileRef = A93B19DD1CB78A9900E5A177 /* Main.storyboard */; };
		A93B19E11CB78A9900E5A177 /* Assets.xcassets in Resources */ = {isa = PBXBuildFile; fileRef = A93B19E01CB78A9900E5A177 /* Assets.xcassets */; };
		A93B19E41CB78A9900E5A177 /* LaunchScreen.storyboard in Resources */ = {isa = PBXBuildFile; fileRef = A93B19E21CB78A9900E5A177 /* LaunchScreen.storyboard */; };
/* End PBXBuildFile section */

/* Begin PBXFileReference section */
		A93B19D11CB78A9900E5A177 /* StrategyPattern.app */ = {isa = PBXFileReference; explicitFileType = wrapper.application; includeInIndex = 0; path = StrategyPattern.app; sourceTree = BUILT_PRODUCTS_DIR; };
		A93B19D51CB78A9900E5A177 /* main.m */ = {isa = PBXFileReference; lastKnownFileType = sourcecode.c.objc; path = main.m; sourceTree = "<group>"; };
		A93B19D71CB78A9900E5A177 /* AppDelegate.h */ = {isa = PBXFileReference; lastKnownFileType = sourcecode.c.h; path = AppDelegate.h; sourceTree = "<group>"; };
		A93B19D81CB78A9900E5A177 /* AppDelegate.m */ = {isa = PBXFileReference; lastKnownFileType = sourcecode.c.objc; path = AppDelegate.m; sourceTree = "<group>"; };
		A93B19DA1CB78A9900E5A177 /* ViewController.h */ = {isa = PBXFileReference; lastKnownFileType = sourcecode.c.h; path = ViewController.h; sourceTree = "<group>"; };
		A93B19DB1CB78A9900E5A177 /* ViewController.m */ = {isa = PBXFileReference; lastKnownFileType = sourcecode.c.objc; path = ViewController.m; sourceTree = "<group>"; };
		A93B19DE1CB78A9900E5A177 /* Base */ = {isa = PBXFileReference; lastKnownFileType = file.storyboard; name = Base; path = Base.lproj/Main.storyboard; sourceTree = "<group>"; };
		A93B19E01CB78A9900E5A177 /* Assets.xcassets */ = {isa = PBXFileReference; lastKnownFileType = folder.assetcatalog; path = Assets.xcassets; sourceTree = "<group>"; };
		A93B19E31CB78A9900E5A177 /* Base */ = {isa = PBXFileReference; lastKnownFileType = file.storyboard; name = Base; path = Base.lproj/LaunchScreen.storyboard; sourceTree = "<group>"; };
		A93B19E51CB78A9900E5A177 /* Info.plist */ = {isa = PBXFileReference; lastKnownFileType = text.plist.xml; path = Info.plist; sourceTree = "<group>"; };
/* End PBXFileReference section */

/* Begin PBXFrameworksBuildPhase section */
		A93B19CE1CB78A9900E5A177 /* Frameworks */ = {
			isa = PBXFrameworksBuildPhase;
			buildActionMask = 2147483647;
			files = (
			);
			runOnlyForDeploymentPostprocessing = 0;
		};
/* End PBXFrameworksBuildPhase section */

/* Begin PBXGroup section */
		A93B19C81CB78A9800E5A177 = {
			isa = PBXGroup;
			children = (
				A93B19D31CB78A9900E5A177 /* StrategyPattern */,
				A93B19D21CB78A9900E5A177 /* Products */,
			);
			sourceTree = "<group>";
		};
		A93B19D21CB78A9900E5A177 /* Products */ = {
			isa = PBXGroup;
			children = (
				A93B19D11CB78A9900E5A177 /* StrategyPattern.app */,
			);
			name = Products;
			sourceTree = "<group>";
		};
		A93B19D31CB78A9900E5A177 /* StrategyPattern */ = {
			isa = PBXGroup;
			children = (
				A93B19D71CB78A9900E5A177 /* AppDelegate.h */,
				A93B19D81CB78A9900E5A177 /* AppDelegate.m */,
				A93B19DA1CB78A9900E5A177 /* ViewController.h */,
				A93B19DB1CB78A9900E5A177 /* ViewController.m */,
				A93B19DD1CB78A9900E5A177 /* Main.storyboard */,
				A93B19E01CB78A9900E5A177 /* Assets.xcassets */,
				A93B19E21CB78A9900E5A177 /* LaunchScreen.storyboard */,
				A93B19E51CB78A9900E5A177 /* Info.plist */,
				A93B19D41CB78A9900E5A177 /* Supporting Files */,
			);
			path = StrategyPattern;
			sourceTree = "<group>";
		};
		A93B19D41CB78A9900E5A177 /* Supporting Files */ = {
			isa = PBXGroup;
			children = (
				A93B19D51CB78A9900E5A177 /* main.m */,
			);
			name = "Supporting Files";
			sourceTree = "<group>";
		};
/* End PBXGroup section */

/* Begin PBXNativeTarget section */
		A93B19D01CB78A9900E5A177 /* StrategyPattern */ = {
			isa = PBXNativeTarget;
			buildConfigurationList = A93B19E81CB78A9900E5A177 /* Build configuration list for PBXNativeTarget "StrategyPattern" */;
			buildPhases = (
				A93B19CD1CB78A9900E5A177 /* Sources */,
				A93B19CE1CB78A9900E5A177 /* Frameworks */,
				A93B19CF1CB78A9900E5A177 /* Resources */,
			);
			buildRules = (
			);
			dependencies = (
			);
			name = StrategyPattern;
			productName = StrategyPattern;
			productReference = A93B19D11CB78A9900E5A177 /* StrategyPattern.app */;
			productType = "com.apple.product-type.application";
		};
/* End PBXNativeTarget section */

/* Begin PBXProject section */
		A93B19C91CB78A9800E5A177 /* Project object */ = {
			isa = PBXProject;
			attributes = {
				LastUpgradeCheck = 0730;
				ORGANIZATIONNAME = trainer;
				TargetAttributes = {
					A93B19D01CB78A9900E5A177 = {
						CreatedOnToolsVersion = 7.3;
					};
				};
			};
			buildConfigurationList = A93B19CC1CB78A9800E5A177 /* Build configuration list for PBXProject "StrategyPattern" */;
			compatibilityVersion = "Xcode 3.2";
			developmentRegion = English;
			hasScannedForEncodings = 0;
			knownRegions = (
				en,
				Base,
			);
			mainGroup = A93B19C81CB78A9800E5A177;
			productRefGroup = A93B19D21CB78A9900E5A177 /* Products */;
			projectDirPath = "";
			projectRoot = "";
			targets = (
				A93B19D01CB78A9900E5A177 /* StrategyPattern */,
			);
		};
/* End PBXProject section */

/* Begin PBXResourcesBuildPhase section */
		A93B19CF1CB78A9900E5A177 /* Resources */ = {
			isa = PBXResourcesBuildPhase;
			buildActionMask = 2147483647;
			files = (
				A93B19E41CB78A9900E5A177 /* LaunchScreen.storyboard in Resources */,
				A93B19E11CB78A9900E5A177 /* Assets.xcassets in Resources */,
				A93B19DF1CB78A9900E5A177 /* Main.storyboard in Resources */,
			);
			runOnlyForDeploymentPostprocessing = 0;
		};
/* End PBXResourcesBuildPhase section */

/* Begin PBXSourcesBuildPhase section */
		A93B19CD1CB78A9900E5A177 /* Sources */ = {
			isa = PBXSourcesBuildPhase;
			buildActionMask = 2147483647;
			files = (
				A93B19DC1CB78A9900E5A177 /* ViewController.m in Sources */,
				A93B19D91CB78A9900E5A177 /* AppDelegate.m in Sources */,
				A93B19D61CB78A9900E5A177 /* main.m in Sources */,
			);
			runOnlyForDeploymentPostprocessing = 0;
		};
/* End PBXSourcesBuildPhase section */

/* Begin PBXVariantGroup section */
		A93B19DD1CB78A9900E5A177 /* Main.storyboard */ = {
			isa = PBXVariantGroup;
			children = (
				A93B19DE1CB78A9900E5A177 /* Base */,
			);
			name = Main.storyboard;
			sourceTree = "<group>";
		};
		A93B19E21CB78A9900E5A177 /* LaunchScreen.storyboard */ = {
			isa = PBXVariantGroup;
			children = (
				A93B19E31CB78A9900E5A177 /* Base */,
			);
			name = LaunchScreen.storyboard;
			sourceTree = "<group>";
		};
/* End PBXVariantGroup section */

/* Begin XCBuildConfiguration section */
		A93B19E61CB78A9900E5A177 /* Debug */ = {
			isa = XCBuildConfiguration;
			buildSettings = {
				ALWAYS_SEARCH_USER_PATHS = NO;
				CLANG_ANALYZER_NONNULL = YES;
				CLANG_CXX_LANGUAGE_STANDARD = "gnu++0x";
				CLANG_CXX_LIBRARY = "libc++";
				CLANG_ENABLE_MODULES = YES;
				CLANG_ENABLE_OBJC_ARC = YES;
				CLANG_WARN_BOOL_CONVERSION = YES;
				CLANG_WARN_CONSTANT_CONVERSION = YES;
				CLANG_WARN_DIRECT_OBJC_ISA_USAGE = YES_ERROR;
				CLANG_WARN_EMPTY_BODY = YES;
				CLANG_WARN_ENUM_CONVERSION = YES;
				CLANG_WARN_INT_CONVERSION = YES;
				CLANG_WARN_OBJC_ROOT_CLASS = YES_ERROR;
				CLANG_WARN_UNREACHABLE_CODE = YES;
				CLANG_WARN__DUPLICATE_METHOD_MATCH = YES;
				"CODE_SIGN_IDENTITY[sdk=iphoneos*]" = "iPhone Developer";
				COPY_PHASE_STRIP = NO;
				DEBUG_INFORMATION_FORMAT = dwarf;
				ENABLE_STRICT_OBJC_MSGSEND = YES;
				ENABLE_TESTABILITY = YES;
				GCC_C_LANGUAGE_STANDARD = gnu99;
				GCC_DYNAMIC_NO_PIC = NO;
				GCC_NO_COMMON_BLOCKS = YES;
				GCC_OPTIMIZATION_LEVEL = 0;
				GCC_PREPROCESSOR_DEFINITIONS = (
					"DEBUG=1",
					"$(inherited)",
				);
				GCC_WARN_64_TO_32_BIT_CONVERSION = YES;
				GCC_WARN_ABOUT_RETURN_TYPE = YES_ERROR;
				GCC_WARN_UNDECLARED_SELECTOR = YES;
				GCC_WARN_UNINITIALIZED_AUTOS = YES_AGGRESSIVE;
				GCC_WARN_UNUSED_FUNCTION = YES;
				GCC_WARN_UNUSED_VARIABLE = YES;
				IPHONEOS_DEPLOYMENT_TARGET = 9.3;
				MTL_ENABLE_DEBUG_INFO = YES;
				ONLY_ACTIVE_ARCH = YES;
				SDKROOT = iphoneos;
				TARGETED_DEVICE_FAMILY = "1,2";
			};
			name = Debug;
		};
		A93B19E71CB78A9900E5A177 /* Release */ = {
			isa = XCBuildConfiguration;
			buildSettings = {
				ALWAYS_SEARCH_USER_PATHS = NO;
				CLANG_ANALYZER_NONNULL = YES;
				CLANG_CXX_LANGUAGE_STANDARD = "gnu++0x";
				CLANG_CXX_LIBRARY = "libc++";
				CLANG_ENABLE_MODULES = YES;
				CLANG_ENABLE_OBJC_ARC = YES;
				CLANG_WARN_BOOL_CONVERSION = YES;
				CLANG_WARN_CONSTANT_CONVERSION = YES;
				CLANG_WARN_DIRECT_OBJC_ISA_USAGE = YES_ERROR;
				CLANG_WARN_EMPTY_BODY = YES;
				CLANG_WARN_ENUM_CONVERSION = YES;
				CLANG_WARN_INT_CONVERSION = YES;
				CLANG_WARN_OBJC_ROOT_CLASS = YES_ERROR;
				CLANG_WARN_UNREACHABLE_CODE = YES;
				CLANG_WARN__DUPLICATE_METHOD_MATCH = YES;
				"CODE_SIGN_IDENTITY[sdk=iphoneos*]" = "iPhone Developer";
				COPY_PHASE_STRIP = NO;
				DEBUG_INFORMATION_FORMAT = "dwarf-with-dsym";
				ENABLE_NS_ASSERTIONS = NO;
				ENABLE_STRICT_OBJC_MSGSEND = YES;
				GCC_C_LANGUAGE_STANDARD = gnu99;
				GCC_NO_COMMON_BLOCKS = YES;
				GCC_WARN_64_TO_32_BIT_CONVERSION = YES;
				GCC_WARN_ABOUT_RETURN_TYPE = YES_ERROR;
				GCC_WARN_UNDECLARED_SELECTOR = YES;
				GCC_WARN_UNINITIALIZED_AUTOS = YES_AGGRESSIVE;
				GCC_WARN_UNUSED_FUNCTION = YES;
				GCC_WARN_UNUSED_VARIABLE = YES;
				IPHONEOS_DEPLOYMENT_TARGET = 9.3;
				MTL_ENABLE_DEBUG_INFO = NO;
				SDKROOT = iphoneos;
				TARGETED_DEVICE_FAMILY = "1,2";
				VALIDATE_PRODUCT = YES;
			};
			name = Release;
		};
		A93B19E91CB78A9900E5A177 /* Debug */ = {
			isa = XCBuildConfiguration;
			buildSettings = {
				ASSETCATALOG_COMPILER_APPICON_NAME = AppIcon;
				INFOPLIST_FILE = StrategyPattern/Info.plist;
				LD_RUNPATH_SEARCH_PATHS = "$(inherited) @executable_path/Frameworks";
				PRODUCT_BUNDLE_IDENTIFIER = com.unversial.jk.StrategyPattern;
				PRODUCT_NAME = "$(TARGET_NAME)";
			};
			name = Debug;
		};
		A93B19EA1CB78A9900E5A177 /* Release */ = {
			isa = XCBuildConfiguration;
			buildSettings = {
				ASSETCATALOG_COMPILER_APPICON_NAME = AppIcon;
				INFOPLIST_FILE = StrategyPattern/Info.plist;
				LD_RUNPATH_SEARCH_PATHS = "$(inherited) @executable_path/Frameworks";
				PRODUCT_BUNDLE_IDENTIFIER = com.unversial.jk.StrategyPattern;
				PRODUCT_NAME = "$(TARGET_NAME)";
			};
			name = Release;
		};
/* End XCBuildConfiguration section */

/* Begin XCConfigurationList section */
		A93B19CC1CB78A9800E5A177 /* Build configuration list for PBXProject "StrategyPattern" */ = {
			isa = XCConfigurationList;
			buildConfigurations = (
				A93B19E61CB78A9900E5A177 /* Debug */,
				A93B19E71CB78A9900E5A177 /* Release */,
			);
			defaultConfigurationIsVisible = 0;
			defaultConfigurationName = Release;
		};
		A93B19E81CB78A9900E5A177 /* Build configuration list for PBXNativeTarget "StrategyPattern" */ = {
			isa = XCConfigurationList;
			buildConfigurations = (
				A93B19E91CB78A9900E5A177 /* Debug */,
				A93B19EA1CB78A9900E5A177 /* Release */,
			);
			defaultConfigurationIsVisible = 0;
		};
/* End XCConfigurationList section */
	};
	rootObject = A93B19C91CB78A9800E5A177 /* Project object */;
}
