// !$*UTF8*$!
{
	archiveVersion = 1;
	classes = {
	};
	objectVersion = 46;
	objects = {

/* Begin PBXBuildFile section */
		D3A4F7F01CC295A900579FF1 /* main.m in Sources */ = {isa = PBXBuildFile; fileRef = D3A4F7EF1CC295A900579FF1 /* main.m */; };
		D3A4F7F31CC295A900579FF1 /* AppDelegate.m in Sources */ = {isa = PBXBuildFile; fileRef = D3A4F7F21CC295A900579FF1 /* AppDelegate.m */; };
		D3A4F7F61CC295A900579FF1 /* ViewController.m in Sources */ = {isa = PBXBuildFile; fileRef = D3A4F7F51CC295A900579FF1 /* ViewController.m */; };
		D3A4F7F91CC295A900579FF1 /* Main.storyboard in Resources */ = {isa = PBXBuildFile; fileRef = D3A4F7F71CC295A900579FF1 /* Main.storyboard */; };
		D3A4F7FC1CC295A900579FF1 /* _0_1.xcdatamodeld in Sources */ = {isa = PBXBuildFile; fileRef = D3A4F7FA1CC295A900579FF1 /* _0_1.xcdatamodeld */; };
		D3A4F7FE1CC295A900579FF1 /* Assets.xcassets in Resources */ = {isa = PBXBuildFile; fileRef = D3A4F7FD1CC295A900579FF1 /* Assets.xcassets */; };
		D3A4F8011CC295A900579FF1 /* LaunchScreen.storyboard in Resources */ = {isa = PBXBuildFile; fileRef = D3A4F7FF1CC295A900579FF1 /* LaunchScreen.storyboard */; };
		D3A4F8141CC2961E00579FF1 /* Student+CoreDataProperties.m in Sources */ = {isa = PBXBuildFile; fileRef = D3A4F8111CC2961E00579FF1 /* Student+CoreDataProperties.m */; };
		D3A4F8151CC2961E00579FF1 /* Student.m in Sources */ = {isa = PBXBuildFile; fileRef = D3A4F8131CC2961E00579FF1 /* Student.m */; };
/* End PBXBuildFile section */

/* Begin PBXFileReference section */
		D3A4F7EB1CC295A900579FF1 /* 10.1.app */ = {isa = PBXFileReference; explicitFileType = wrapper.application; includeInIndex = 0; path = 10.1.app; sourceTree = BUILT_PRODUCTS_DIR; };
		D3A4F7EF1CC295A900579FF1 /* main.m */ = {isa = PBXFileReference; lastKnownFileType = sourcecode.c.objc; path = main.m; sourceTree = "<group>"; };
		D3A4F7F11CC295A900579FF1 /* AppDelegate.h */ = {isa = PBXFileReference; lastKnownFileType = sourcecode.c.h; path = AppDelegate.h; sourceTree = "<group>"; };
		D3A4F7F21CC295A900579FF1 /* AppDelegate.m */ = {isa = PBXFileReference; lastKnownFileType = sourcecode.c.objc; path = AppDelegate.m; sourceTree = "<group>"; };
		D3A4F7F41CC295A900579FF1 /* ViewController.h */ = {isa = PBXFileReference; lastKnownFileType = sourcecode.c.h; path = ViewController.h; sourceTree = "<group>"; };
		D3A4F7F51CC295A900579FF1 /* ViewController.m */ = {isa = PBXFileReference; lastKnownFileType = sourcecode.c.objc; path = ViewController.m; sourceTree = "<group>"; };
		D3A4F7F81CC295A900579FF1 /* Base */ = {isa = PBXFileReference; lastKnownFileType = file.storyboard; name = Base; path = Base.lproj/Main.storyboard; sourceTree = "<group>"; };
		D3A4F7FB1CC295A900579FF1 /* _0_1.xcdatamodel */ = {isa = PBXFileReference; lastKnownFileType = wrapper.xcdatamodel; path = _0_1.xcdatamodel; sourceTree = "<group>"; };
		D3A4F7FD1CC295A900579FF1 /* Assets.xcassets */ = {isa = PBXFileReference; lastKnownFileType = folder.assetcatalog; path = Assets.xcassets; sourceTree = "<group>"; };
		D3A4F8001CC295A900579FF1 /* Base */ = {isa = PBXFileReference; lastKnownFileType = file.storyboard; name = Base; path = Base.lproj/LaunchScreen.storyboard; sourceTree = "<group>"; };
		D3A4F8021CC295A900579FF1 /* Info.plist */ = {isa = PBXFileReference; lastKnownFileType = text.plist.xml; path = Info.plist; sourceTree = "<group>"; };
		D3A4F8101CC2961E00579FF1 /* Student+CoreDataProperties.h */ = {isa = PBXFileReference; fileEncoding = 4; lastKnownFileType = sourcecode.c.h; path = "Student+CoreDataProperties.h"; sourceTree = "<group>"; };
		D3A4F8111CC2961E00579FF1 /* Student+CoreDataProperties.m */ = {isa = PBXFileReference; fileEncoding = 4; lastKnownFileType = sourcecode.c.objc; path = "Student+CoreDataProperties.m"; sourceTree = "<group>"; };
		D3A4F8121CC2961E00579FF1 /* Student.h */ = {isa = PBXFileReference; fileEncoding = 4; lastKnownFileType = sourcecode.c.h; path = Student.h; sourceTree = "<group>"; };
		D3A4F8131CC2961E00579FF1 /* Student.m */ = {isa = PBXFileReference; fileEncoding = 4; lastKnownFileType = sourcecode.c.objc; path = Student.m; sourceTree = "<group>"; };
/* End PBXFileReference section */

/* Begin PBXFrameworksBuildPhase section */
		D3A4F7E81CC295A900579FF1 /* Frameworks */ = {
			isa = PBXFrameworksBuildPhase;
			buildActionMask = 2147483647;
			files = (
			);
			runOnlyForDeploymentPostprocessing = 0;
		};
/* End PBXFrameworksBuildPhase section */

/* Begin PBXGroup section */
		D3A4F7E21CC295A900579FF1 = {
			isa = PBXGroup;
			children = (
				D3A4F8101CC2961E00579FF1 /* Student+CoreDataProperties.h */,
				D3A4F8111CC2961E00579FF1 /* Student+CoreDataProperties.m */,
				D3A4F8121CC2961E00579FF1 /* Student.h */,
				D3A4F8131CC2961E00579FF1 /* Student.m */,
				D3A4F7ED1CC295A900579FF1 /* 10.1 */,
				D3A4F7EC1CC295A900579FF1 /* Products */,
			);
			sourceTree = "<group>";
		};
		D3A4F7EC1CC295A900579FF1 /* Products */ = {
			isa = PBXGroup;
			children = (
				D3A4F7EB1CC295A900579FF1 /* 10.1.app */,
			);
			name = Products;
			sourceTree = "<group>";
		};
		D3A4F7ED1CC295A900579FF1 /* 10.1 */ = {
			isa = PBXGroup;
			children = (
				D3A4F7F11CC295A900579FF1 /* AppDelegate.h */,
				D3A4F7F21CC295A900579FF1 /* AppDelegate.m */,
				D3A4F7F41CC295A900579FF1 /* ViewController.h */,
				D3A4F7F51CC295A900579FF1 /* ViewController.m */,
				D3A4F7F71CC295A900579FF1 /* Main.storyboard */,
				D3A4F7FD1CC295A900579FF1 /* Assets.xcassets */,
				D3A4F7FF1CC295A900579FF1 /* LaunchScreen.storyboard */,
				D3A4F8021CC295A900579FF1 /* Info.plist */,
				D3A4F7FA1CC295A900579FF1 /* _0_1.xcdatamodeld */,
				D3A4F7EE1CC295A900579FF1 /* Supporting Files */,
			);
			path = 10.1;
			sourceTree = "<group>";
		};
		D3A4F7EE1CC295A900579FF1 /* Supporting Files */ = {
			isa = PBXGroup;
			children = (
				D3A4F7EF1CC295A900579FF1 /* main.m */,
			);
			name = "Supporting Files";
			sourceTree = "<group>";
		};
/* End PBXGroup section */

/* Begin PBXNativeTarget section */
		D3A4F7EA1CC295A900579FF1 /* 10.1 */ = {
			isa = PBXNativeTarget;
			buildConfigurationList = D3A4F8051CC295A900579FF1 /* Build configuration list for PBXNativeTarget "10.1" */;
			buildPhases = (
				D3A4F7E71CC295A900579FF1 /* Sources */,
				D3A4F7E81CC295A900579FF1 /* Frameworks */,
				D3A4F7E91CC295A900579FF1 /* Resources */,
			);
			buildRules = (
			);
			dependencies = (
			);
			name = 10.1;
			productName = 10.1;
			productReference = D3A4F7EB1CC295A900579FF1 /* 10.1.app */;
			productType = "com.apple.product-type.application";
		};
/* End PBXNativeTarget section */

/* Begin PBXProject section */
		D3A4F7E31CC295A900579FF1 /* Project object */ = {
			isa = PBXProject;
			attributes = {
				LastUpgradeCheck = 0730;
				ORGANIZATIONNAME = universal;
				TargetAttributes = {
					D3A4F7EA1CC295A900579FF1 = {
						CreatedOnToolsVersion = 7.3;
						DevelopmentTeam = P7G5ULD3B2;
					};
				};
			};
			buildConfigurationList = D3A4F7E61CC295A900579FF1 /* Build configuration list for PBXProject "10.1" */;
			compatibilityVersion = "Xcode 3.2";
			developmentRegion = English;
			hasScannedForEncodings = 0;
			knownRegions = (
				en,
				Base,
			);
			mainGroup = D3A4F7E21CC295A900579FF1;
			productRefGroup = D3A4F7EC1CC295A900579FF1 /* Products */;
			projectDirPath = "";
			projectRoot = "";
			targets = (
				D3A4F7EA1CC295A900579FF1 /* 10.1 */,
			);
		};
/* End PBXProject section */

/* Begin PBXResourcesBuildPhase section */
		D3A4F7E91CC295A900579FF1 /* Resources */ = {
			isa = PBXResourcesBuildPhase;
			buildActionMask = 2147483647;
			files = (
				D3A4F8011CC295A900579FF1 /* LaunchScreen.storyboard in Resources */,
				D3A4F7FE1CC295A900579FF1 /* Assets.xcassets in Resources */,
				D3A4F7F91CC295A900579FF1 /* Main.storyboard in Resources */,
			);
			runOnlyForDeploymentPostprocessing = 0;
		};
/* End PBXResourcesBuildPhase section */

/* Begin PBXSourcesBuildPhase section */
		D3A4F7E71CC295A900579FF1 /* Sources */ = {
			isa = PBXSourcesBuildPhase;
			buildActionMask = 2147483647;
			files = (
				D3A4F7FC1CC295A900579FF1 /* _0_1.xcdatamodeld in Sources */,
				D3A4F8141CC2961E00579FF1 /* Student+CoreDataProperties.m in Sources */,
				D3A4F7F61CC295A900579FF1 /* ViewController.m in Sources */,
				D3A4F8151CC2961E00579FF1 /* Student.m in Sources */,
				D3A4F7F31CC295A900579FF1 /* AppDelegate.m in Sources */,
				D3A4F7F01CC295A900579FF1 /* main.m in Sources */,
			);
			runOnlyForDeploymentPostprocessing = 0;
		};
/* End PBXSourcesBuildPhase section */

/* Begin PBXVariantGroup section */
		D3A4F7F71CC295A900579FF1 /* Main.storyboard */ = {
			isa = PBXVariantGroup;
			children = (
				D3A4F7F81CC295A900579FF1 /* Base */,
			);
			name = Main.storyboard;
			sourceTree = "<group>";
		};
		D3A4F7FF1CC295A900579FF1 /* LaunchScreen.storyboard */ = {
			isa = PBXVariantGroup;
			children = (
				D3A4F8001CC295A900579FF1 /* Base */,
			);
			name = LaunchScreen.storyboard;
			sourceTree = "<group>";
		};
/* End PBXVariantGroup section */

/* Begin XCBuildConfiguration section */
		D3A4F8031CC295A900579FF1 /* Debug */ = {
			isa = XCBuildConfiguration;
			buildSettings = {
				ALWAYS_SEARCH_USER_PATHS = NO;
				CLANG_ANALYZER_NONNULL = YES;
				CLANG_CXX_LANGUAGE_STANDARD = "gnu++0x";
				CLANG_CXX_LIBRARY = "libc++";
				CLANG_ENABLE_MODULES = YES;
				CLANG_ENABLE_OBJC_ARC = YES;
				CLANG_WARN_BOOL_CONVERSION = YES;
				CLANG_WARN_CONSTANT_CONVERSION = YES;
				CLANG_WARN_DIRECT_OBJC_ISA_USAGE = YES_ERROR;
				CLANG_WARN_EMPTY_BODY = YES;
				CLANG_WARN_ENUM_CONVERSION = YES;
				CLANG_WARN_INT_CONVERSION = YES;
				CLANG_WARN_OBJC_ROOT_CLASS = YES_ERROR;
				CLANG_WARN_UNREACHABLE_CODE = YES;
				CLANG_WARN__DUPLICATE_METHOD_MATCH = YES;
				"CODE_SIGN_IDENTITY[sdk=iphoneos*]" = "iPhone Developer";
				COPY_PHASE_STRIP = NO;
				DEBUG_INFORMATION_FORMAT = dwarf;
				ENABLE_STRICT_OBJC_MSGSEND = YES;
				ENABLE_TESTABILITY = YES;
				GCC_C_LANGUAGE_STANDARD = gnu99;
				GCC_DYNAMIC_NO_PIC = NO;
				GCC_NO_COMMON_BLOCKS = YES;
				GCC_OPTIMIZATION_LEVEL = 0;
				GCC_PREPROCESSOR_DEFINITIONS = (
					"DEBUG=1",
					"$(inherited)",
				);
				GCC_WARN_64_TO_32_BIT_CONVERSION = YES;
				GCC_WARN_ABOUT_RETURN_TYPE = YES_ERROR;
				GCC_WARN_UNDECLARED_SELECTOR = YES;
				GCC_WARN_UNINITIALIZED_AUTOS = YES_AGGRESSIVE;
				GCC_WARN_UNUSED_FUNCTION = YES;
				GCC_WARN_UNUSED_VARIABLE = YES;
				IPHONEOS_DEPLOYMENT_TARGET = 9.3;
				MTL_ENABLE_DEBUG_INFO = YES;
				ONLY_ACTIVE_ARCH = YES;
				SDKROOT = iphoneos;
				TARGETED_DEVICE_FAMILY = "1,2";
			};
			name = Debug;
		};
		D3A4F8041CC295A900579FF1 /* Release */ = {
			isa = XCBuildConfiguration;
			buildSettings = {
				ALWAYS_SEARCH_USER_PATHS = NO;
				CLANG_ANALYZER_NONNULL = YES;
				CLANG_CXX_LANGUAGE_STANDARD = "gnu++0x";
				CLANG_CXX_LIBRARY = "libc++";
				CLANG_ENABLE_MODULES = YES;
				CLANG_ENABLE_OBJC_ARC = YES;
				CLANG_WARN_BOOL_CONVERSION = YES;
				CLANG_WARN_CONSTANT_CONVERSION = YES;
				CLANG_WARN_DIRECT_OBJC_ISA_USAGE = YES_ERROR;
				CLANG_WARN_EMPTY_BODY = YES;
				CLANG_WARN_ENUM_CONVERSION = YES;
				CLANG_WARN_INT_CONVERSION = YES;
				CLANG_WARN_OBJC_ROOT_CLASS = YES_ERROR;
				CLANG_WARN_UNREACHABLE_CODE = YES;
				CLANG_WARN__DUPLICATE_METHOD_MATCH = YES;
				"CODE_SIGN_IDENTITY[sdk=iphoneos*]" = "iPhone Developer";
				COPY_PHASE_STRIP = NO;
				DEBUG_INFORMATION_FORMAT = "dwarf-with-dsym";
				ENABLE_NS_ASSERTIONS = NO;
				ENABLE_STRICT_OBJC_MSGSEND = YES;
				GCC_C_LANGUAGE_STANDARD = gnu99;
				GCC_NO_COMMON_BLOCKS = YES;
				GCC_WARN_64_TO_32_BIT_CONVERSION = YES;
				GCC_WARN_ABOUT_RETURN_TYPE = YES_ERROR;
				GCC_WARN_UNDECLARED_SELECTOR = YES;
				GCC_WARN_UNINITIALIZED_AUTOS = YES_AGGRESSIVE;
				GCC_WARN_UNUSED_FUNCTION = YES;
				GCC_WARN_UNUSED_VARIABLE = YES;
				IPHONEOS_DEPLOYMENT_TARGET = 9.3;
				MTL_ENABLE_DEBUG_INFO = NO;
				SDKROOT = iphoneos;
				TARGETED_DEVICE_FAMILY = "1,2";
				VALIDATE_PRODUCT = YES;
			};
			name = Release;
		};
		D3A4F8061CC295A900579FF1 /* Debug */ = {
			isa = XCBuildConfiguration;
			buildSettings = {
				ASSETCATALOG_COMPILER_APPICON_NAME = AppIcon;
				CLANG_ENABLE_MODULES = YES;
				INFOPLIST_FILE = 10.1/Info.plist;
				LD_RUNPATH_SEARCH_PATHS = "$(inherited) @executable_path/Frameworks";
				PRODUCT_BUNDLE_IDENTIFIER = "com.universal.kyp.-0-1";
				PRODUCT_NAME = "$(TARGET_NAME)";
				SWIFT_OBJC_BRIDGING_HEADER = "10.1-Bridging-Header.h";
				SWIFT_OPTIMIZATION_LEVEL = "-Onone";
			};
			name = Debug;
		};
		D3A4F8071CC295A900579FF1 /* Release */ = {
			isa = XCBuildConfiguration;
			buildSettings = {
				ASSETCATALOG_COMPILER_APPICON_NAME = AppIcon;
				CLANG_ENABLE_MODULES = YES;
				INFOPLIST_FILE = 10.1/Info.plist;
				LD_RUNPATH_SEARCH_PATHS = "$(inherited) @executable_path/Frameworks";
				PRODUCT_BUNDLE_IDENTIFIER = "com.universal.kyp.-0-1";
				PRODUCT_NAME = "$(TARGET_NAME)";
				SWIFT_OBJC_BRIDGING_HEADER = "10.1-Bridging-Header.h";
			};
			name = Release;
		};
/* End XCBuildConfiguration section */

/* Begin XCConfigurationList section */
		D3A4F7E61CC295A900579FF1 /* Build configuration list for PBXProject "10.1" */ = {
			isa = XCConfigurationList;
			buildConfigurations = (
				D3A4F8031CC295A900579FF1 /* Debug */,
				D3A4F8041CC295A900579FF1 /* Release */,
			);
			defaultConfigurationIsVisible = 0;
			defaultConfigurationName = Release;
		};
		D3A4F8051CC295A900579FF1 /* Build configuration list for PBXNativeTarget "10.1" */ = {
			isa = XCConfigurationList;
			buildConfigurations = (
				D3A4F8061CC295A900579FF1 /* Debug */,
				D3A4F8071CC295A900579FF1 /* Release */,
			);
			defaultConfigurationIsVisible = 0;
		};
/* End XCConfigurationList section */

/* Begin XCVersionGroup section */
		D3A4F7FA1CC295A900579FF1 /* _0_1.xcdatamodeld */ = {
			isa = XCVersionGroup;
			children = (
				D3A4F7FB1CC295A900579FF1 /* _0_1.xcdatamodel */,
			);
			currentVersion = D3A4F7FB1CC295A900579FF1 /* _0_1.xcdatamodel */;
			path = _0_1.xcdatamodeld;
			sourceTree = "<group>";
			versionGroupType = wrapper.xcdatamodel;
		};
/* End XCVersionGroup section */
	};
	rootObject = D3A4F7E31CC295A900579FF1 /* Project object */;
}
