// !$*UTF8*$!
{
	archiveVersion = 1;
	classes = {
	};
	objectVersion = 46;
	objects = {

/* Begin PBXBuildFile section */
		A9BAEF111C9BE47A004F22B7 /* main.m in Sources */ = {isa = PBXBuildFile; fileRef = A9BAEF101C9BE47A004F22B7 /* main.m */; };
		A9BAEF141C9BE47A004F22B7 /* AppDelegate.m in Sources */ = {isa = PBXBuildFile; fileRef = A9BAEF131C9BE47A004F22B7 /* AppDelegate.m */; };
		A9BAEF171C9BE47A004F22B7 /* ViewController.m in Sources */ = {isa = PBXBuildFile; fileRef = A9BAEF161C9BE47A004F22B7 /* ViewController.m */; };
		A9BAEF1A1C9BE47A004F22B7 /* Main.storyboard in Resources */ = {isa = PBXBuildFile; fileRef = A9BAEF181C9BE47A004F22B7 /* Main.storyboard */; };
		A9BAEF1C1C9BE47A004F22B7 /* Assets.xcassets in Resources */ = {isa = PBXBuildFile; fileRef = A9BAEF1B1C9BE47A004F22B7 /* Assets.xcassets */; };
		A9BAEF1F1C9BE47A004F22B7 /* LaunchScreen.storyboard in Resources */ = {isa = PBXBuildFile; fileRef = A9BAEF1D1C9BE47A004F22B7 /* LaunchScreen.storyboard */; };
		A9BAEF2A1C9BE47A004F22B7 /* JKKInputObjectTests.m in Sources */ = {isa = PBXBuildFile; fileRef = A9BAEF291C9BE47A004F22B7 /* JKKInputObjectTests.m */; };
		A9BAEF361C9BEAE0004F22B7 /* PushViewController.m in Sources */ = {isa = PBXBuildFile; fileRef = A9BAEF351C9BEAE0004F22B7 /* PushViewController.m */; };
/* End PBXBuildFile section */

/* Begin PBXContainerItemProxy section */
		A9BAEF261C9BE47A004F22B7 /* PBXContainerItemProxy */ = {
			isa = PBXContainerItemProxy;
			containerPortal = A9BAEF041C9BE47A004F22B7 /* Project object */;
			proxyType = 1;
			remoteGlobalIDString = A9BAEF0B1C9BE47A004F22B7;
			remoteInfo = JKKInputObject;
		};
/* End PBXContainerItemProxy section */

/* Begin PBXFileReference section */
		A9BAEF0C1C9BE47A004F22B7 /* JKKInputObject.app */ = {isa = PBXFileReference; explicitFileType = wrapper.application; includeInIndex = 0; path = JKKInputObject.app; sourceTree = BUILT_PRODUCTS_DIR; };
		A9BAEF101C9BE47A004F22B7 /* main.m */ = {isa = PBXFileReference; lastKnownFileType = sourcecode.c.objc; path = main.m; sourceTree = "<group>"; };
		A9BAEF121C9BE47A004F22B7 /* AppDelegate.h */ = {isa = PBXFileReference; lastKnownFileType = sourcecode.c.h; path = AppDelegate.h; sourceTree = "<group>"; };
		A9BAEF131C9BE47A004F22B7 /* AppDelegate.m */ = {isa = PBXFileReference; lastKnownFileType = sourcecode.c.objc; path = AppDelegate.m; sourceTree = "<group>"; };
		A9BAEF151C9BE47A004F22B7 /* ViewController.h */ = {isa = PBXFileReference; lastKnownFileType = sourcecode.c.h; path = ViewController.h; sourceTree = "<group>"; };
		A9BAEF161C9BE47A004F22B7 /* ViewController.m */ = {isa = PBXFileReference; lastKnownFileType = sourcecode.c.objc; path = ViewController.m; sourceTree = "<group>"; };
		A9BAEF191C9BE47A004F22B7 /* Base */ = {isa = PBXFileReference; lastKnownFileType = file.storyboard; name = Base; path = Base.lproj/Main.storyboard; sourceTree = "<group>"; };
		A9BAEF1B1C9BE47A004F22B7 /* Assets.xcassets */ = {isa = PBXFileReference; lastKnownFileType = folder.assetcatalog; path = Assets.xcassets; sourceTree = "<group>"; };
		A9BAEF1E1C9BE47A004F22B7 /* Base */ = {isa = PBXFileReference; lastKnownFileType = file.storyboard; name = Base; path = Base.lproj/LaunchScreen.storyboard; sourceTree = "<group>"; };
		A9BAEF201C9BE47A004F22B7 /* Info.plist */ = {isa = PBXFileReference; lastKnownFileType = text.plist.xml; path = Info.plist; sourceTree = "<group>"; };
		A9BAEF251C9BE47A004F22B7 /* JKKInputObjectTests.xctest */ = {isa = PBXFileReference; explicitFileType = wrapper.cfbundle; includeInIndex = 0; path = JKKInputObjectTests.xctest; sourceTree = BUILT_PRODUCTS_DIR; };
		A9BAEF291C9BE47A004F22B7 /* JKKInputObjectTests.m */ = {isa = PBXFileReference; lastKnownFileType = sourcecode.c.objc; path = JKKInputObjectTests.m; sourceTree = "<group>"; };
		A9BAEF2B1C9BE47A004F22B7 /* Info.plist */ = {isa = PBXFileReference; lastKnownFileType = text.plist.xml; path = Info.plist; sourceTree = "<group>"; };
		A9BAEF341C9BEAE0004F22B7 /* PushViewController.h */ = {isa = PBXFileReference; fileEncoding = 4; lastKnownFileType = sourcecode.c.h; path = PushViewController.h; sourceTree = "<group>"; };
		A9BAEF351C9BEAE0004F22B7 /* PushViewController.m */ = {isa = PBXFileReference; fileEncoding = 4; lastKnownFileType = sourcecode.c.objc; path = PushViewController.m; sourceTree = "<group>"; };
/* End PBXFileReference section */

/* Begin PBXFrameworksBuildPhase section */
		A9BAEF091C9BE47A004F22B7 /* Frameworks */ = {
			isa = PBXFrameworksBuildPhase;
			buildActionMask = 2147483647;
			files = (
			);
			runOnlyForDeploymentPostprocessing = 0;
		};
		A9BAEF221C9BE47A004F22B7 /* Frameworks */ = {
			isa = PBXFrameworksBuildPhase;
			buildActionMask = 2147483647;
			files = (
			);
			runOnlyForDeploymentPostprocessing = 0;
		};
/* End PBXFrameworksBuildPhase section */

/* Begin PBXGroup section */
		A9BAEF031C9BE47A004F22B7 = {
			isa = PBXGroup;
			children = (
				A9BAEF0E1C9BE47A004F22B7 /* JKKInputObject */,
				A9BAEF281C9BE47A004F22B7 /* JKKInputObjectTests */,
				A9BAEF0D1C9BE47A004F22B7 /* Products */,
			);
			sourceTree = "<group>";
		};
		A9BAEF0D1C9BE47A004F22B7 /* Products */ = {
			isa = PBXGroup;
			children = (
				A9BAEF0C1C9BE47A004F22B7 /* JKKInputObject.app */,
				A9BAEF251C9BE47A004F22B7 /* JKKInputObjectTests.xctest */,
			);
			name = Products;
			sourceTree = "<group>";
		};
		A9BAEF0E1C9BE47A004F22B7 /* JKKInputObject */ = {
			isa = PBXGroup;
			children = (
				A9BAEF121C9BE47A004F22B7 /* AppDelegate.h */,
				A9BAEF131C9BE47A004F22B7 /* AppDelegate.m */,
				A9BAEF151C9BE47A004F22B7 /* ViewController.h */,
				A9BAEF161C9BE47A004F22B7 /* ViewController.m */,
				A9BAEF341C9BEAE0004F22B7 /* PushViewController.h */,
				A9BAEF351C9BEAE0004F22B7 /* PushViewController.m */,
				A9BAEF181C9BE47A004F22B7 /* Main.storyboard */,
				A9BAEF1B1C9BE47A004F22B7 /* Assets.xcassets */,
				A9BAEF1D1C9BE47A004F22B7 /* LaunchScreen.storyboard */,
				A9BAEF201C9BE47A004F22B7 /* Info.plist */,
				A9BAEF0F1C9BE47A004F22B7 /* Supporting Files */,
			);
			path = JKKInputObject;
			sourceTree = "<group>";
		};
		A9BAEF0F1C9BE47A004F22B7 /* Supporting Files */ = {
			isa = PBXGroup;
			children = (
				A9BAEF101C9BE47A004F22B7 /* main.m */,
			);
			name = "Supporting Files";
			sourceTree = "<group>";
		};
		A9BAEF281C9BE47A004F22B7 /* JKKInputObjectTests */ = {
			isa = PBXGroup;
			children = (
				A9BAEF291C9BE47A004F22B7 /* JKKInputObjectTests.m */,
				A9BAEF2B1C9BE47A004F22B7 /* Info.plist */,
			);
			path = JKKInputObjectTests;
			sourceTree = "<group>";
		};
/* End PBXGroup section */

/* Begin PBXNativeTarget section */
		A9BAEF0B1C9BE47A004F22B7 /* JKKInputObject */ = {
			isa = PBXNativeTarget;
			buildConfigurationList = A9BAEF2E1C9BE47A004F22B7 /* Build configuration list for PBXNativeTarget "JKKInputObject" */;
			buildPhases = (
				A9BAEF081C9BE47A004F22B7 /* Sources */,
				A9BAEF091C9BE47A004F22B7 /* Frameworks */,
				A9BAEF0A1C9BE47A004F22B7 /* Resources */,
			);
			buildRules = (
			);
			dependencies = (
			);
			name = JKKInputObject;
			productName = JKKInputObject;
			productReference = A9BAEF0C1C9BE47A004F22B7 /* JKKInputObject.app */;
			productType = "com.apple.product-type.application";
		};
		A9BAEF241C9BE47A004F22B7 /* JKKInputObjectTests */ = {
			isa = PBXNativeTarget;
			buildConfigurationList = A9BAEF311C9BE47A004F22B7 /* Build configuration list for PBXNativeTarget "JKKInputObjectTests" */;
			buildPhases = (
				A9BAEF211C9BE47A004F22B7 /* Sources */,
				A9BAEF221C9BE47A004F22B7 /* Frameworks */,
				A9BAEF231C9BE47A004F22B7 /* Resources */,
			);
			buildRules = (
			);
			dependencies = (
				A9BAEF271C9BE47A004F22B7 /* PBXTargetDependency */,
			);
			name = JKKInputObjectTests;
			productName = JKKInputObjectTests;
			productReference = A9BAEF251C9BE47A004F22B7 /* JKKInputObjectTests.xctest */;
			productType = "com.apple.product-type.bundle.unit-test";
		};
/* End PBXNativeTarget section */

/* Begin PBXProject section */
		A9BAEF041C9BE47A004F22B7 /* Project object */ = {
			isa = PBXProject;
			attributes = {
				LastUpgradeCheck = 0720;
				ORGANIZATIONNAME = trainer;
				TargetAttributes = {
					A9BAEF0B1C9BE47A004F22B7 = {
						CreatedOnToolsVersion = 7.2;
					};
					A9BAEF241C9BE47A004F22B7 = {
						CreatedOnToolsVersion = 7.2;
						TestTargetID = A9BAEF0B1C9BE47A004F22B7;
					};
				};
			};
			buildConfigurationList = A9BAEF071C9BE47A004F22B7 /* Build configuration list for PBXProject "JKKInputObject" */;
			compatibilityVersion = "Xcode 3.2";
			developmentRegion = English;
			hasScannedForEncodings = 0;
			knownRegions = (
				en,
				Base,
			);
			mainGroup = A9BAEF031C9BE47A004F22B7;
			productRefGroup = A9BAEF0D1C9BE47A004F22B7 /* Products */;
			projectDirPath = "";
			projectRoot = "";
			targets = (
				A9BAEF0B1C9BE47A004F22B7 /* JKKInputObject */,
				A9BAEF241C9BE47A004F22B7 /* JKKInputObjectTests */,
			);
		};
/* End PBXProject section */

/* Begin PBXResourcesBuildPhase section */
		A9BAEF0A1C9BE47A004F22B7 /* Resources */ = {
			isa = PBXResourcesBuildPhase;
			buildActionMask = 2147483647;
			files = (
				A9BAEF1F1C9BE47A004F22B7 /* LaunchScreen.storyboard in Resources */,
				A9BAEF1C1C9BE47A004F22B7 /* Assets.xcassets in Resources */,
				A9BAEF1A1C9BE47A004F22B7 /* Main.storyboard in Resources */,
			);
			runOnlyForDeploymentPostprocessing = 0;
		};
		A9BAEF231C9BE47A004F22B7 /* Resources */ = {
			isa = PBXResourcesBuildPhase;
			buildActionMask = 2147483647;
			files = (
			);
			runOnlyForDeploymentPostprocessing = 0;
		};
/* End PBXResourcesBuildPhase section */

/* Begin PBXSourcesBuildPhase section */
		A9BAEF081C9BE47A004F22B7 /* Sources */ = {
			isa = PBXSourcesBuildPhase;
			buildActionMask = 2147483647;
			files = (
				A9BAEF171C9BE47A004F22B7 /* ViewController.m in Sources */,
				A9BAEF141C9BE47A004F22B7 /* AppDelegate.m in Sources */,
				A9BAEF361C9BEAE0004F22B7 /* PushViewController.m in Sources */,
				A9BAEF111C9BE47A004F22B7 /* main.m in Sources */,
			);
			runOnlyForDeploymentPostprocessing = 0;
		};
		A9BAEF211C9BE47A004F22B7 /* Sources */ = {
			isa = PBXSourcesBuildPhase;
			buildActionMask = 2147483647;
			files = (
				A9BAEF2A1C9BE47A004F22B7 /* JKKInputObjectTests.m in Sources */,
			);
			runOnlyForDeploymentPostprocessing = 0;
		};
/* End PBXSourcesBuildPhase section */

/* Begin PBXTargetDependency section */
		A9BAEF271C9BE47A004F22B7 /* PBXTargetDependency */ = {
			isa = PBXTargetDependency;
			target = A9BAEF0B1C9BE47A004F22B7 /* JKKInputObject */;
			targetProxy = A9BAEF261C9BE47A004F22B7 /* PBXContainerItemProxy */;
		};
/* End PBXTargetDependency section */

/* Begin PBXVariantGroup section */
		A9BAEF181C9BE47A004F22B7 /* Main.storyboard */ = {
			isa = PBXVariantGroup;
			children = (
				A9BAEF191C9BE47A004F22B7 /* Base */,
			);
			name = Main.storyboard;
			sourceTree = "<group>";
		};
		A9BAEF1D1C9BE47A004F22B7 /* LaunchScreen.storyboard */ = {
			isa = PBXVariantGroup;
			children = (
				A9BAEF1E1C9BE47A004F22B7 /* Base */,
			);
			name = LaunchScreen.storyboard;
			sourceTree = "<group>";
		};
/* End PBXVariantGroup section */

/* Begin XCBuildConfiguration section */
		A9BAEF2C1C9BE47A004F22B7 /* Debug */ = {
			isa = XCBuildConfiguration;
			buildSettings = {
				ALWAYS_SEARCH_USER_PATHS = NO;
				CLANG_CXX_LANGUAGE_STANDARD = "gnu++0x";
				CLANG_CXX_LIBRARY = "libc++";
				CLANG_ENABLE_MODULES = YES;
				CLANG_ENABLE_OBJC_ARC = YES;
				CLANG_WARN_BOOL_CONVERSION = YES;
				CLANG_WARN_CONSTANT_CONVERSION = YES;
				CLANG_WARN_DIRECT_OBJC_ISA_USAGE = YES_ERROR;
				CLANG_WARN_EMPTY_BODY = YES;
				CLANG_WARN_ENUM_CONVERSION = YES;
				CLANG_WARN_INT_CONVERSION = YES;
				CLANG_WARN_OBJC_ROOT_CLASS = YES_ERROR;
				CLANG_WARN_UNREACHABLE_CODE = YES;
				CLANG_WARN__DUPLICATE_METHOD_MATCH = YES;
				"CODE_SIGN_IDENTITY[sdk=iphoneos*]" = "iPhone Developer";
				COPY_PHASE_STRIP = NO;
				DEBUG_INFORMATION_FORMAT = dwarf;
				ENABLE_STRICT_OBJC_MSGSEND = YES;
				ENABLE_TESTABILITY = YES;
				GCC_C_LANGUAGE_STANDARD = gnu99;
				GCC_DYNAMIC_NO_PIC = NO;
				GCC_NO_COMMON_BLOCKS = YES;
				GCC_OPTIMIZATION_LEVEL = 0;
				GCC_PREPROCESSOR_DEFINITIONS = (
					"DEBUG=1",
					"$(inherited)",
				);
				GCC_WARN_64_TO_32_BIT_CONVERSION = YES;
				GCC_WARN_ABOUT_RETURN_TYPE = YES_ERROR;
				GCC_WARN_UNDECLARED_SELECTOR = YES;
				GCC_WARN_UNINITIALIZED_AUTOS = YES_AGGRESSIVE;
				GCC_WARN_UNUSED_FUNCTION = YES;
				GCC_WARN_UNUSED_VARIABLE = YES;
				IPHONEOS_DEPLOYMENT_TARGET = 9.2;
				MTL_ENABLE_DEBUG_INFO = YES;
				ONLY_ACTIVE_ARCH = YES;
				SDKROOT = iphoneos;
				TARGETED_DEVICE_FAMILY = "1,2";
			};
			name = Debug;
		};
		A9BAEF2D1C9BE47A004F22B7 /* Release */ = {
			isa = XCBuildConfiguration;
			buildSettings = {
				ALWAYS_SEARCH_USER_PATHS = NO;
				CLANG_CXX_LANGUAGE_STANDARD = "gnu++0x";
				CLANG_CXX_LIBRARY = "libc++";
				CLANG_ENABLE_MODULES = YES;
				CLANG_ENABLE_OBJC_ARC = YES;
				CLANG_WARN_BOOL_CONVERSION = YES;
				CLANG_WARN_CONSTANT_CONVERSION = YES;
				CLANG_WARN_DIRECT_OBJC_ISA_USAGE = YES_ERROR;
				CLANG_WARN_EMPTY_BODY = YES;
				CLANG_WARN_ENUM_CONVERSION = YES;
				CLANG_WARN_INT_CONVERSION = YES;
				CLANG_WARN_OBJC_ROOT_CLASS = YES_ERROR;
				CLANG_WARN_UNREACHABLE_CODE = YES;
				CLANG_WARN__DUPLICATE_METHOD_MATCH = YES;
				"CODE_SIGN_IDENTITY[sdk=iphoneos*]" = "iPhone Developer";
				COPY_PHASE_STRIP = NO;
				DEBUG_INFORMATION_FORMAT = "dwarf-with-dsym";
				ENABLE_NS_ASSERTIONS = NO;
				ENABLE_STRICT_OBJC_MSGSEND = YES;
				GCC_C_LANGUAGE_STANDARD = gnu99;
				GCC_NO_COMMON_BLOCKS = YES;
				GCC_WARN_64_TO_32_BIT_CONVERSION = YES;
				GCC_WARN_ABOUT_RETURN_TYPE = YES_ERROR;
				GCC_WARN_UNDECLARED_SELECTOR = YES;
				GCC_WARN_UNINITIALIZED_AUTOS = YES_AGGRESSIVE;
				GCC_WARN_UNUSED_FUNCTION = YES;
				GCC_WARN_UNUSED_VARIABLE = YES;
				IPHONEOS_DEPLOYMENT_TARGET = 9.2;
				MTL_ENABLE_DEBUG_INFO = NO;
				SDKROOT = iphoneos;
				TARGETED_DEVICE_FAMILY = "1,2";
				VALIDATE_PRODUCT = YES;
			};
			name = Release;
		};
		A9BAEF2F1C9BE47A004F22B7 /* Debug */ = {
			isa = XCBuildConfiguration;
			buildSettings = {
				ASSETCATALOG_COMPILER_APPICON_NAME = AppIcon;
				INFOPLIST_FILE = JKKInputObject/Info.plist;
				LD_RUNPATH_SEARCH_PATHS = "$(inherited) @executable_path/Frameworks";
				PRODUCT_BUNDLE_IDENTIFIER = com.unversial.jk.JKKInputObject;
				PRODUCT_NAME = "$(TARGET_NAME)";
			};
			name = Debug;
		};
		A9BAEF301C9BE47A004F22B7 /* Release */ = {
			isa = XCBuildConfiguration;
			buildSettings = {
				ASSETCATALOG_COMPILER_APPICON_NAME = AppIcon;
				INFOPLIST_FILE = JKKInputObject/Info.plist;
				LD_RUNPATH_SEARCH_PATHS = "$(inherited) @executable_path/Frameworks";
				PRODUCT_BUNDLE_IDENTIFIER = com.unversial.jk.JKKInputObject;
				PRODUCT_NAME = "$(TARGET_NAME)";
			};
			name = Release;
		};
		A9BAEF321C9BE47A004F22B7 /* Debug */ = {
			isa = XCBuildConfiguration;
			buildSettings = {
				BUNDLE_LOADER = "$(TEST_HOST)";
				INFOPLIST_FILE = JKKInputObjectTests/Info.plist;
				LD_RUNPATH_SEARCH_PATHS = "$(inherited) @executable_path/Frameworks @loader_path/Frameworks";
				PRODUCT_BUNDLE_IDENTIFIER = com.unversial.jk.JKKInputObjectTests;
				PRODUCT_NAME = "$(TARGET_NAME)";
				TEST_HOST = "$(BUILT_PRODUCTS_DIR)/JKKInputObject.app/JKKInputObject";
			};
			name = Debug;
		};
		A9BAEF331C9BE47A004F22B7 /* Release */ = {
			isa = XCBuildConfiguration;
			buildSettings = {
				BUNDLE_LOADER = "$(TEST_HOST)";
				INFOPLIST_FILE = JKKInputObjectTests/Info.plist;
				LD_RUNPATH_SEARCH_PATHS = "$(inherited) @executable_path/Frameworks @loader_path/Frameworks";
				PRODUCT_BUNDLE_IDENTIFIER = com.unversial.jk.JKKInputObjectTests;
				PRODUCT_NAME = "$(TARGET_NAME)";
				TEST_HOST = "$(BUILT_PRODUCTS_DIR)/JKKInputObject.app/JKKInputObject";
			};
			name = Release;
		};
/* End XCBuildConfiguration section */

/* Begin XCConfigurationList section */
		A9BAEF071C9BE47A004F22B7 /* Build configuration list for PBXProject "JKKInputObject" */ = {
			isa = XCConfigurationList;
			buildConfigurations = (
				A9BAEF2C1C9BE47A004F22B7 /* Debug */,
				A9BAEF2D1C9BE47A004F22B7 /* Release */,
			);
			defaultConfigurationIsVisible = 0;
			defaultConfigurationName = Release;
		};
		A9BAEF2E1C9BE47A004F22B7 /* Build configuration list for PBXNativeTarget "JKKInputObject" */ = {
			isa = XCConfigurationList;
			buildConfigurations = (
				A9BAEF2F1C9BE47A004F22B7 /* Debug */,
				A9BAEF301C9BE47A004F22B7 /* Release */,
			);
			defaultConfigurationIsVisible = 0;
		};
		A9BAEF311C9BE47A004F22B7 /* Build configuration list for PBXNativeTarget "JKKInputObjectTests" */ = {
			isa = XCConfigurationList;
			buildConfigurations = (
				A9BAEF321C9BE47A004F22B7 /* Debug */,
				A9BAEF331C9BE47A004F22B7 /* Release */,
			);
			defaultConfigurationIsVisible = 0;
		};
/* End XCConfigurationList section */
	};
	rootObject = A9BAEF041C9BE47A004F22B7 /* Project object */;
}
