// !$*UTF8*$!
{
	archiveVersion = 1;
	classes = {
	};
	objectVersion = 46;
	objects = {

/* Begin PBXBuildFile section */
		A947ACF61CBB8B8B005F49E1 /* main.m in Sources */ = {isa = PBXBuildFile; fileRef = A947ACF51CBB8B8B005F49E1 /* main.m */; };
		A947ACF91CBB8B8B005F49E1 /* AppDelegate.m in Sources */ = {isa = PBXBuildFile; fileRef = A947ACF81CBB8B8B005F49E1 /* AppDelegate.m */; };
		A947ACFC1CBB8B8B005F49E1 /* ViewController.m in Sources */ = {isa = PBXBuildFile; fileRef = A947ACFB1CBB8B8B005F49E1 /* ViewController.m */; };
		A947ACFF1CBB8B8B005F49E1 /* Main.storyboard in Resources */ = {isa = PBXBuildFile; fileRef = A947ACFD1CBB8B8B005F49E1 /* Main.storyboard */; };
		A947AD011CBB8B8B005F49E1 /* Assets.xcassets in Resources */ = {isa = PBXBuildFile; fileRef = A947AD001CBB8B8B005F49E1 /* Assets.xcassets */; };
		A947AD041CBB8B8B005F49E1 /* LaunchScreen.storyboard in Resources */ = {isa = PBXBuildFile; fileRef = A947AD021CBB8B8B005F49E1 /* LaunchScreen.storyboard */; };
		A947AD0F1CBB8B8B005F49E1 /* TranformImageTests.m in Sources */ = {isa = PBXBuildFile; fileRef = A947AD0E1CBB8B8B005F49E1 /* TranformImageTests.m */; };
		A947AD1A1CBB8B8B005F49E1 /* TranformImageUITests.m in Sources */ = {isa = PBXBuildFile; fileRef = A947AD191CBB8B8B005F49E1 /* TranformImageUITests.m */; };
		A947AD291CBB8BA6005F49E1 /* Decorator.m in Sources */ = {isa = PBXBuildFile; fileRef = A947AD281CBB8BA6005F49E1 /* Decorator.m */; };
/* End PBXBuildFile section */

/* Begin PBXContainerItemProxy section */
		A947AD0B1CBB8B8B005F49E1 /* PBXContainerItemProxy */ = {
			isa = PBXContainerItemProxy;
			containerPortal = A947ACE91CBB8B8B005F49E1 /* Project object */;
			proxyType = 1;
			remoteGlobalIDString = A947ACF01CBB8B8B005F49E1;
			remoteInfo = TranformImage;
		};
		A947AD161CBB8B8B005F49E1 /* PBXContainerItemProxy */ = {
			isa = PBXContainerItemProxy;
			containerPortal = A947ACE91CBB8B8B005F49E1 /* Project object */;
			proxyType = 1;
			remoteGlobalIDString = A947ACF01CBB8B8B005F49E1;
			remoteInfo = TranformImage;
		};
/* End PBXContainerItemProxy section */

/* Begin PBXFileReference section */
		A947ACF11CBB8B8B005F49E1 /* TranformImage.app */ = {isa = PBXFileReference; explicitFileType = wrapper.application; includeInIndex = 0; path = TranformImage.app; sourceTree = BUILT_PRODUCTS_DIR; };
		A947ACF51CBB8B8B005F49E1 /* main.m */ = {isa = PBXFileReference; lastKnownFileType = sourcecode.c.objc; path = main.m; sourceTree = "<group>"; };
		A947ACF71CBB8B8B005F49E1 /* AppDelegate.h */ = {isa = PBXFileReference; lastKnownFileType = sourcecode.c.h; path = AppDelegate.h; sourceTree = "<group>"; };
		A947ACF81CBB8B8B005F49E1 /* AppDelegate.m */ = {isa = PBXFileReference; lastKnownFileType = sourcecode.c.objc; path = AppDelegate.m; sourceTree = "<group>"; };
		A947ACFA1CBB8B8B005F49E1 /* ViewController.h */ = {isa = PBXFileReference; lastKnownFileType = sourcecode.c.h; path = ViewController.h; sourceTree = "<group>"; };
		A947ACFB1CBB8B8B005F49E1 /* ViewController.m */ = {isa = PBXFileReference; lastKnownFileType = sourcecode.c.objc; path = ViewController.m; sourceTree = "<group>"; };
		A947ACFE1CBB8B8B005F49E1 /* Base */ = {isa = PBXFileReference; lastKnownFileType = file.storyboard; name = Base; path = Base.lproj/Main.storyboard; sourceTree = "<group>"; };
		A947AD001CBB8B8B005F49E1 /* Assets.xcassets */ = {isa = PBXFileReference; lastKnownFileType = folder.assetcatalog; path = Assets.xcassets; sourceTree = "<group>"; };
		A947AD031CBB8B8B005F49E1 /* Base */ = {isa = PBXFileReference; lastKnownFileType = file.storyboard; name = Base; path = Base.lproj/LaunchScreen.storyboard; sourceTree = "<group>"; };
		A947AD051CBB8B8B005F49E1 /* Info.plist */ = {isa = PBXFileReference; lastKnownFileType = text.plist.xml; path = Info.plist; sourceTree = "<group>"; };
		A947AD0A1CBB8B8B005F49E1 /* TranformImageTests.xctest */ = {isa = PBXFileReference; explicitFileType = wrapper.cfbundle; includeInIndex = 0; path = TranformImageTests.xctest; sourceTree = BUILT_PRODUCTS_DIR; };
		A947AD0E1CBB8B8B005F49E1 /* TranformImageTests.m */ = {isa = PBXFileReference; lastKnownFileType = sourcecode.c.objc; path = TranformImageTests.m; sourceTree = "<group>"; };
		A947AD101CBB8B8B005F49E1 /* Info.plist */ = {isa = PBXFileReference; lastKnownFileType = text.plist.xml; path = Info.plist; sourceTree = "<group>"; };
		A947AD151CBB8B8B005F49E1 /* TranformImageUITests.xctest */ = {isa = PBXFileReference; explicitFileType = wrapper.cfbundle; includeInIndex = 0; path = TranformImageUITests.xctest; sourceTree = BUILT_PRODUCTS_DIR; };
		A947AD191CBB8B8B005F49E1 /* TranformImageUITests.m */ = {isa = PBXFileReference; lastKnownFileType = sourcecode.c.objc; path = TranformImageUITests.m; sourceTree = "<group>"; };
		A947AD1B1CBB8B8B005F49E1 /* Info.plist */ = {isa = PBXFileReference; lastKnownFileType = text.plist.xml; path = Info.plist; sourceTree = "<group>"; };
		A947AD271CBB8BA6005F49E1 /* Decorator.h */ = {isa = PBXFileReference; fileEncoding = 4; lastKnownFileType = sourcecode.c.h; path = Decorator.h; sourceTree = "<group>"; };
		A947AD281CBB8BA6005F49E1 /* Decorator.m */ = {isa = PBXFileReference; fileEncoding = 4; lastKnownFileType = sourcecode.c.objc; path = Decorator.m; sourceTree = "<group>"; };
/* End PBXFileReference section */

/* Begin PBXFrameworksBuildPhase section */
		A947ACEE1CBB8B8B005F49E1 /* Frameworks */ = {
			isa = PBXFrameworksBuildPhase;
			buildActionMask = 2147483647;
			files = (
			);
			runOnlyForDeploymentPostprocessing = 0;
		};
		A947AD071CBB8B8B005F49E1 /* Frameworks */ = {
			isa = PBXFrameworksBuildPhase;
			buildActionMask = 2147483647;
			files = (
			);
			runOnlyForDeploymentPostprocessing = 0;
		};
		A947AD121CBB8B8B005F49E1 /* Frameworks */ = {
			isa = PBXFrameworksBuildPhase;
			buildActionMask = 2147483647;
			files = (
			);
			runOnlyForDeploymentPostprocessing = 0;
		};
/* End PBXFrameworksBuildPhase section */

/* Begin PBXGroup section */
		A947ACE81CBB8B8B005F49E1 = {
			isa = PBXGroup;
			children = (
				A947ACF31CBB8B8B005F49E1 /* TranformImage */,
				A947AD0D1CBB8B8B005F49E1 /* TranformImageTests */,
				A947AD181CBB8B8B005F49E1 /* TranformImageUITests */,
				A947ACF21CBB8B8B005F49E1 /* Products */,
			);
			sourceTree = "<group>";
		};
		A947ACF21CBB8B8B005F49E1 /* Products */ = {
			isa = PBXGroup;
			children = (
				A947ACF11CBB8B8B005F49E1 /* TranformImage.app */,
				A947AD0A1CBB8B8B005F49E1 /* TranformImageTests.xctest */,
				A947AD151CBB8B8B005F49E1 /* TranformImageUITests.xctest */,
			);
			name = Products;
			sourceTree = "<group>";
		};
		A947ACF31CBB8B8B005F49E1 /* TranformImage */ = {
			isa = PBXGroup;
			children = (
				A947ACF71CBB8B8B005F49E1 /* AppDelegate.h */,
				A947ACF81CBB8B8B005F49E1 /* AppDelegate.m */,
				A947ACFA1CBB8B8B005F49E1 /* ViewController.h */,
				A947ACFB1CBB8B8B005F49E1 /* ViewController.m */,
				A947AD271CBB8BA6005F49E1 /* Decorator.h */,
				A947AD281CBB8BA6005F49E1 /* Decorator.m */,
				A947ACFD1CBB8B8B005F49E1 /* Main.storyboard */,
				A947AD001CBB8B8B005F49E1 /* Assets.xcassets */,
				A947AD021CBB8B8B005F49E1 /* LaunchScreen.storyboard */,
				A947AD051CBB8B8B005F49E1 /* Info.plist */,
				A947ACF41CBB8B8B005F49E1 /* Supporting Files */,
			);
			path = TranformImage;
			sourceTree = "<group>";
		};
		A947ACF41CBB8B8B005F49E1 /* Supporting Files */ = {
			isa = PBXGroup;
			children = (
				A947ACF51CBB8B8B005F49E1 /* main.m */,
			);
			name = "Supporting Files";
			sourceTree = "<group>";
		};
		A947AD0D1CBB8B8B005F49E1 /* TranformImageTests */ = {
			isa = PBXGroup;
			children = (
				A947AD0E1CBB8B8B005F49E1 /* TranformImageTests.m */,
				A947AD101CBB8B8B005F49E1 /* Info.plist */,
			);
			path = TranformImageTests;
			sourceTree = "<group>";
		};
		A947AD181CBB8B8B005F49E1 /* TranformImageUITests */ = {
			isa = PBXGroup;
			children = (
				A947AD191CBB8B8B005F49E1 /* TranformImageUITests.m */,
				A947AD1B1CBB8B8B005F49E1 /* Info.plist */,
			);
			path = TranformImageUITests;
			sourceTree = "<group>";
		};
/* End PBXGroup section */

/* Begin PBXNativeTarget section */
		A947ACF01CBB8B8B005F49E1 /* TranformImage */ = {
			isa = PBXNativeTarget;
			buildConfigurationList = A947AD1E1CBB8B8B005F49E1 /* Build configuration list for PBXNativeTarget "TranformImage" */;
			buildPhases = (
				A947ACED1CBB8B8B005F49E1 /* Sources */,
				A947ACEE1CBB8B8B005F49E1 /* Frameworks */,
				A947ACEF1CBB8B8B005F49E1 /* Resources */,
			);
			buildRules = (
			);
			dependencies = (
			);
			name = TranformImage;
			productName = TranformImage;
			productReference = A947ACF11CBB8B8B005F49E1 /* TranformImage.app */;
			productType = "com.apple.product-type.application";
		};
		A947AD091CBB8B8B005F49E1 /* TranformImageTests */ = {
			isa = PBXNativeTarget;
			buildConfigurationList = A947AD211CBB8B8B005F49E1 /* Build configuration list for PBXNativeTarget "TranformImageTests" */;
			buildPhases = (
				A947AD061CBB8B8B005F49E1 /* Sources */,
				A947AD071CBB8B8B005F49E1 /* Frameworks */,
				A947AD081CBB8B8B005F49E1 /* Resources */,
			);
			buildRules = (
			);
			dependencies = (
				A947AD0C1CBB8B8B005F49E1 /* PBXTargetDependency */,
			);
			name = TranformImageTests;
			productName = TranformImageTests;
			productReference = A947AD0A1CBB8B8B005F49E1 /* TranformImageTests.xctest */;
			productType = "com.apple.product-type.bundle.unit-test";
		};
		A947AD141CBB8B8B005F49E1 /* TranformImageUITests */ = {
			isa = PBXNativeTarget;
			buildConfigurationList = A947AD241CBB8B8B005F49E1 /* Build configuration list for PBXNativeTarget "TranformImageUITests" */;
			buildPhases = (
				A947AD111CBB8B8B005F49E1 /* Sources */,
				A947AD121CBB8B8B005F49E1 /* Frameworks */,
				A947AD131CBB8B8B005F49E1 /* Resources */,
			);
			buildRules = (
			);
			dependencies = (
				A947AD171CBB8B8B005F49E1 /* PBXTargetDependency */,
			);
			name = TranformImageUITests;
			productName = TranformImageUITests;
			productReference = A947AD151CBB8B8B005F49E1 /* TranformImageUITests.xctest */;
			productType = "com.apple.product-type.bundle.ui-testing";
		};
/* End PBXNativeTarget section */

/* Begin PBXProject section */
		A947ACE91CBB8B8B005F49E1 /* Project object */ = {
			isa = PBXProject;
			attributes = {
				LastUpgradeCheck = 0730;
				ORGANIZATIONNAME = trainer;
				TargetAttributes = {
					A947ACF01CBB8B8B005F49E1 = {
						CreatedOnToolsVersion = 7.3;
					};
					A947AD091CBB8B8B005F49E1 = {
						CreatedOnToolsVersion = 7.3;
						TestTargetID = A947ACF01CBB8B8B005F49E1;
					};
					A947AD141CBB8B8B005F49E1 = {
						CreatedOnToolsVersion = 7.3;
						TestTargetID = A947ACF01CBB8B8B005F49E1;
					};
				};
			};
			buildConfigurationList = A947ACEC1CBB8B8B005F49E1 /* Build configuration list for PBXProject "TranformImage" */;
			compatibilityVersion = "Xcode 3.2";
			developmentRegion = English;
			hasScannedForEncodings = 0;
			knownRegions = (
				en,
				Base,
			);
			mainGroup = A947ACE81CBB8B8B005F49E1;
			productRefGroup = A947ACF21CBB8B8B005F49E1 /* Products */;
			projectDirPath = "";
			projectRoot = "";
			targets = (
				A947ACF01CBB8B8B005F49E1 /* TranformImage */,
				A947AD091CBB8B8B005F49E1 /* TranformImageTests */,
				A947AD141CBB8B8B005F49E1 /* TranformImageUITests */,
			);
		};
/* End PBXProject section */

/* Begin PBXResourcesBuildPhase section */
		A947ACEF1CBB8B8B005F49E1 /* Resources */ = {
			isa = PBXResourcesBuildPhase;
			buildActionMask = 2147483647;
			files = (
				A947AD041CBB8B8B005F49E1 /* LaunchScreen.storyboard in Resources */,
				A947AD011CBB8B8B005F49E1 /* Assets.xcassets in Resources */,
				A947ACFF1CBB8B8B005F49E1 /* Main.storyboard in Resources */,
			);
			runOnlyForDeploymentPostprocessing = 0;
		};
		A947AD081CBB8B8B005F49E1 /* Resources */ = {
			isa = PBXResourcesBuildPhase;
			buildActionMask = 2147483647;
			files = (
			);
			runOnlyForDeploymentPostprocessing = 0;
		};
		A947AD131CBB8B8B005F49E1 /* Resources */ = {
			isa = PBXResourcesBuildPhase;
			buildActionMask = 2147483647;
			files = (
			);
			runOnlyForDeploymentPostprocessing = 0;
		};
/* End PBXResourcesBuildPhase section */

/* Begin PBXSourcesBuildPhase section */
		A947ACED1CBB8B8B005F49E1 /* Sources */ = {
			isa = PBXSourcesBuildPhase;
			buildActionMask = 2147483647;
			files = (
				A947ACFC1CBB8B8B005F49E1 /* ViewController.m in Sources */,
				A947AD291CBB8BA6005F49E1 /* Decorator.m in Sources */,
				A947ACF91CBB8B8B005F49E1 /* AppDelegate.m in Sources */,
				A947ACF61CBB8B8B005F49E1 /* main.m in Sources */,
			);
			runOnlyForDeploymentPostprocessing = 0;
		};
		A947AD061CBB8B8B005F49E1 /* Sources */ = {
			isa = PBXSourcesBuildPhase;
			buildActionMask = 2147483647;
			files = (
				A947AD0F1CBB8B8B005F49E1 /* TranformImageTests.m in Sources */,
			);
			runOnlyForDeploymentPostprocessing = 0;
		};
		A947AD111CBB8B8B005F49E1 /* Sources */ = {
			isa = PBXSourcesBuildPhase;
			buildActionMask = 2147483647;
			files = (
				A947AD1A1CBB8B8B005F49E1 /* TranformImageUITests.m in Sources */,
			);
			runOnlyForDeploymentPostprocessing = 0;
		};
/* End PBXSourcesBuildPhase section */

/* Begin PBXTargetDependency section */
		A947AD0C1CBB8B8B005F49E1 /* PBXTargetDependency */ = {
			isa = PBXTargetDependency;
			target = A947ACF01CBB8B8B005F49E1 /* TranformImage */;
			targetProxy = A947AD0B1CBB8B8B005F49E1 /* PBXContainerItemProxy */;
		};
		A947AD171CBB8B8B005F49E1 /* PBXTargetDependency */ = {
			isa = PBXTargetDependency;
			target = A947ACF01CBB8B8B005F49E1 /* TranformImage */;
			targetProxy = A947AD161CBB8B8B005F49E1 /* PBXContainerItemProxy */;
		};
/* End PBXTargetDependency section */

/* Begin PBXVariantGroup section */
		A947ACFD1CBB8B8B005F49E1 /* Main.storyboard */ = {
			isa = PBXVariantGroup;
			children = (
				A947ACFE1CBB8B8B005F49E1 /* Base */,
			);
			name = Main.storyboard;
			sourceTree = "<group>";
		};
		A947AD021CBB8B8B005F49E1 /* LaunchScreen.storyboard */ = {
			isa = PBXVariantGroup;
			children = (
				A947AD031CBB8B8B005F49E1 /* Base */,
			);
			name = LaunchScreen.storyboard;
			sourceTree = "<group>";
		};
/* End PBXVariantGroup section */

/* Begin XCBuildConfiguration section */
		A947AD1C1CBB8B8B005F49E1 /* Debug */ = {
			isa = XCBuildConfiguration;
			buildSettings = {
				ALWAYS_SEARCH_USER_PATHS = NO;
				CLANG_ANALYZER_NONNULL = YES;
				CLANG_CXX_LANGUAGE_STANDARD = "gnu++0x";
				CLANG_CXX_LIBRARY = "libc++";
				CLANG_ENABLE_MODULES = YES;
				CLANG_ENABLE_OBJC_ARC = YES;
				CLANG_WARN_BOOL_CONVERSION = YES;
				CLANG_WARN_CONSTANT_CONVERSION = YES;
				CLANG_WARN_DIRECT_OBJC_ISA_USAGE = YES_ERROR;
				CLANG_WARN_EMPTY_BODY = YES;
				CLANG_WARN_ENUM_CONVERSION = YES;
				CLANG_WARN_INT_CONVERSION = YES;
				CLANG_WARN_OBJC_ROOT_CLASS = YES_ERROR;
				CLANG_WARN_UNREACHABLE_CODE = YES;
				CLANG_WARN__DUPLICATE_METHOD_MATCH = YES;
				"CODE_SIGN_IDENTITY[sdk=iphoneos*]" = "iPhone Developer";
				COPY_PHASE_STRIP = NO;
				DEBUG_INFORMATION_FORMAT = dwarf;
				ENABLE_STRICT_OBJC_MSGSEND = YES;
				ENABLE_TESTABILITY = YES;
				GCC_C_LANGUAGE_STANDARD = gnu99;
				GCC_DYNAMIC_NO_PIC = NO;
				GCC_NO_COMMON_BLOCKS = YES;
				GCC_OPTIMIZATION_LEVEL = 0;
				GCC_PREPROCESSOR_DEFINITIONS = (
					"DEBUG=1",
					"$(inherited)",
				);
				GCC_WARN_64_TO_32_BIT_CONVERSION = YES;
				GCC_WARN_ABOUT_RETURN_TYPE = YES_ERROR;
				GCC_WARN_UNDECLARED_SELECTOR = YES;
				GCC_WARN_UNINITIALIZED_AUTOS = YES_AGGRESSIVE;
				GCC_WARN_UNUSED_FUNCTION = YES;
				GCC_WARN_UNUSED_VARIABLE = YES;
				IPHONEOS_DEPLOYMENT_TARGET = 9.3;
				MTL_ENABLE_DEBUG_INFO = YES;
				ONLY_ACTIVE_ARCH = YES;
				SDKROOT = iphoneos;
				TARGETED_DEVICE_FAMILY = "1,2";
			};
			name = Debug;
		};
		A947AD1D1CBB8B8B005F49E1 /* Release */ = {
			isa = XCBuildConfiguration;
			buildSettings = {
				ALWAYS_SEARCH_USER_PATHS = NO;
				CLANG_ANALYZER_NONNULL = YES;
				CLANG_CXX_LANGUAGE_STANDARD = "gnu++0x";
				CLANG_CXX_LIBRARY = "libc++";
				CLANG_ENABLE_MODULES = YES;
				CLANG_ENABLE_OBJC_ARC = YES;
				CLANG_WARN_BOOL_CONVERSION = YES;
				CLANG_WARN_CONSTANT_CONVERSION = YES;
				CLANG_WARN_DIRECT_OBJC_ISA_USAGE = YES_ERROR;
				CLANG_WARN_EMPTY_BODY = YES;
				CLANG_WARN_ENUM_CONVERSION = YES;
				CLANG_WARN_INT_CONVERSION = YES;
				CLANG_WARN_OBJC_ROOT_CLASS = YES_ERROR;
				CLANG_WARN_UNREACHABLE_CODE = YES;
				CLANG_WARN__DUPLICATE_METHOD_MATCH = YES;
				"CODE_SIGN_IDENTITY[sdk=iphoneos*]" = "iPhone Developer";
				COPY_PHASE_STRIP = NO;
				DEBUG_INFORMATION_FORMAT = "dwarf-with-dsym";
				ENABLE_NS_ASSERTIONS = NO;
				ENABLE_STRICT_OBJC_MSGSEND = YES;
				GCC_C_LANGUAGE_STANDARD = gnu99;
				GCC_NO_COMMON_BLOCKS = YES;
				GCC_WARN_64_TO_32_BIT_CONVERSION = YES;
				GCC_WARN_ABOUT_RETURN_TYPE = YES_ERROR;
				GCC_WARN_UNDECLARED_SELECTOR = YES;
				GCC_WARN_UNINITIALIZED_AUTOS = YES_AGGRESSIVE;
				GCC_WARN_UNUSED_FUNCTION = YES;
				GCC_WARN_UNUSED_VARIABLE = YES;
				IPHONEOS_DEPLOYMENT_TARGET = 9.3;
				MTL_ENABLE_DEBUG_INFO = NO;
				SDKROOT = iphoneos;
				TARGETED_DEVICE_FAMILY = "1,2";
				VALIDATE_PRODUCT = YES;
			};
			name = Release;
		};
		A947AD1F1CBB8B8B005F49E1 /* Debug */ = {
			isa = XCBuildConfiguration;
			buildSettings = {
				ASSETCATALOG_COMPILER_APPICON_NAME = AppIcon;
				INFOPLIST_FILE = TranformImage/Info.plist;
				LD_RUNPATH_SEARCH_PATHS = "$(inherited) @executable_path/Frameworks";
				PRODUCT_BUNDLE_IDENTIFIER = com.unversial.jk.TranformImage;
				PRODUCT_NAME = "$(TARGET_NAME)";
			};
			name = Debug;
		};
		A947AD201CBB8B8B005F49E1 /* Release */ = {
			isa = XCBuildConfiguration;
			buildSettings = {
				ASSETCATALOG_COMPILER_APPICON_NAME = AppIcon;
				INFOPLIST_FILE = TranformImage/Info.plist;
				LD_RUNPATH_SEARCH_PATHS = "$(inherited) @executable_path/Frameworks";
				PRODUCT_BUNDLE_IDENTIFIER = com.unversial.jk.TranformImage;
				PRODUCT_NAME = "$(TARGET_NAME)";
			};
			name = Release;
		};
		A947AD221CBB8B8B005F49E1 /* Debug */ = {
			isa = XCBuildConfiguration;
			buildSettings = {
				BUNDLE_LOADER = "$(TEST_HOST)";
				INFOPLIST_FILE = TranformImageTests/Info.plist;
				LD_RUNPATH_SEARCH_PATHS = "$(inherited) @executable_path/Frameworks @loader_path/Frameworks";
				PRODUCT_BUNDLE_IDENTIFIER = com.unversial.jk.TranformImageTests;
				PRODUCT_NAME = "$(TARGET_NAME)";
				TEST_HOST = "$(BUILT_PRODUCTS_DIR)/TranformImage.app/TranformImage";
			};
			name = Debug;
		};
		A947AD231CBB8B8B005F49E1 /* Release */ = {
			isa = XCBuildConfiguration;
			buildSettings = {
				BUNDLE_LOADER = "$(TEST_HOST)";
				INFOPLIST_FILE = TranformImageTests/Info.plist;
				LD_RUNPATH_SEARCH_PATHS = "$(inherited) @executable_path/Frameworks @loader_path/Frameworks";
				PRODUCT_BUNDLE_IDENTIFIER = com.unversial.jk.TranformImageTests;
				PRODUCT_NAME = "$(TARGET_NAME)";
				TEST_HOST = "$(BUILT_PRODUCTS_DIR)/TranformImage.app/TranformImage";
			};
			name = Release;
		};
		A947AD251CBB8B8B005F49E1 /* Debug */ = {
			isa = XCBuildConfiguration;
			buildSettings = {
				INFOPLIST_FILE = TranformImageUITests/Info.plist;
				LD_RUNPATH_SEARCH_PATHS = "$(inherited) @executable_path/Frameworks @loader_path/Frameworks";
				PRODUCT_BUNDLE_IDENTIFIER = com.unversial.jk.TranformImageUITests;
				PRODUCT_NAME = "$(TARGET_NAME)";
				TEST_TARGET_NAME = TranformImage;
			};
			name = Debug;
		};
		A947AD261CBB8B8B005F49E1 /* Release */ = {
			isa = XCBuildConfiguration;
			buildSettings = {
				INFOPLIST_FILE = TranformImageUITests/Info.plist;
				LD_RUNPATH_SEARCH_PATHS = "$(inherited) @executable_path/Frameworks @loader_path/Frameworks";
				PRODUCT_BUNDLE_IDENTIFIER = com.unversial.jk.TranformImageUITests;
				PRODUCT_NAME = "$(TARGET_NAME)";
				TEST_TARGET_NAME = TranformImage;
			};
			name = Release;
		};
/* End XCBuildConfiguration section */

/* Begin XCConfigurationList section */
		A947ACEC1CBB8B8B005F49E1 /* Build configuration list for PBXProject "TranformImage" */ = {
			isa = XCConfigurationList;
			buildConfigurations = (
				A947AD1C1CBB8B8B005F49E1 /* Debug */,
				A947AD1D1CBB8B8B005F49E1 /* Release */,
			);
			defaultConfigurationIsVisible = 0;
			defaultConfigurationName = Release;
		};
		A947AD1E1CBB8B8B005F49E1 /* Build configuration list for PBXNativeTarget "TranformImage" */ = {
			isa = XCConfigurationList;
			buildConfigurations = (
				A947AD1F1CBB8B8B005F49E1 /* Debug */,
				A947AD201CBB8B8B005F49E1 /* Release */,
			);
			defaultConfigurationIsVisible = 0;
		};
		A947AD211CBB8B8B005F49E1 /* Build configuration list for PBXNativeTarget "TranformImageTests" */ = {
			isa = XCConfigurationList;
			buildConfigurations = (
				A947AD221CBB8B8B005F49E1 /* Debug */,
				A947AD231CBB8B8B005F49E1 /* Release */,
			);
			defaultConfigurationIsVisible = 0;
		};
		A947AD241CBB8B8B005F49E1 /* Build configuration list for PBXNativeTarget "TranformImageUITests" */ = {
			isa = XCConfigurationList;
			buildConfigurations = (
				A947AD251CBB8B8B005F49E1 /* Debug */,
				A947AD261CBB8B8B005F49E1 /* Release */,
			);
			defaultConfigurationIsVisible = 0;
		};
/* End XCConfigurationList section */
	};
	rootObject = A947ACE91CBB8B8B005F49E1 /* Project object */;
}
